// !$*UTF8*$!
{
	archiveVersion = 1;
	classes = {
	};
	objectVersion = 46;
	objects = {

/* Begin PBXBuildFile section */
		AC4D2C301CAA995200B249CD /* Interface.storyboard in Resources */ = {isa = PBXBuildFile; fileRef = AC4D2C2E1CAA995200B249CD /* Interface.storyboard */; };
		AC4D2C321CAA995200B249CD /* Assets.xcassets in Resources */ = {isa = PBXBuildFile; fileRef = AC4D2C311CAA995200B249CD /* Assets.xcassets */; };
		AC4D2C391CAA995200B249CD /* WatchPizza Extension.appex in Embed App Extensions */ = {isa = PBXBuildFile; fileRef = AC4D2C381CAA995200B249CD /* WatchPizza Extension.appex */; settings = {ATTRIBUTES = (RemoveHeadersOnCopy, ); }; };
		AC4D2C3E1CAA995200B249CD /* TamañoController.swift in Sources */ = {isa = PBXBuildFile; fileRef = AC4D2C3D1CAA995200B249CD /* TamañoController.swift */; };
		AC4D2C401CAA995200B249CD /* ExtensionDelegate.swift in Sources */ = {isa = PBXBuildFile; fileRef = AC4D2C3F1CAA995200B249CD /* ExtensionDelegate.swift */; };
		AC4D2C421CAA995200B249CD /* Assets.xcassets in Resources */ = {isa = PBXBuildFile; fileRef = AC4D2C411CAA995200B249CD /* Assets.xcassets */; };
		AC4D2C461CAA995200B249CD /* WatchPizza.app in Embed Watch Content */ = {isa = PBXBuildFile; fileRef = AC4D2C2C1CAA995200B249CD /* WatchPizza.app */; };
		AC4D2C501CAA9ACD00B249CD /* Ingredientes.swift in Sources */ = {isa = PBXBuildFile; fileRef = AC4D9B151CA2842600E95642 /* Ingredientes.swift */; };
		AC4D2C521CAAA47900B249CD /* MasaController.swift in Sources */ = {isa = PBXBuildFile; fileRef = AC4D2C511CAAA47900B249CD /* MasaController.swift */; };
		AC4D9B091CA2823D00E95642 /* TamañoViewController.swift in Sources */ = {isa = PBXBuildFile; fileRef = AC4D9B081CA2823D00E95642 /* TamañoViewController.swift */; };
		AC4D9B0C1CA2825700E95642 /* MasaViewController.swift in Sources */ = {isa = PBXBuildFile; fileRef = AC4D9B0B1CA2825700E95642 /* MasaViewController.swift */; };
		AC4D9B0F1CA2829B00E95642 /* QuesoViewController.swift in Sources */ = {isa = PBXBuildFile; fileRef = AC4D9B0E1CA2829B00E95642 /* QuesoViewController.swift */; };
		AC4D9B111CA282A500E95642 /* MásViewController.swift in Sources */ = {isa = PBXBuildFile; fileRef = AC4D9B101CA282A500E95642 /* MásViewController.swift */; };
		AC4D9B131CA282B000E95642 /* ResumenViewController.swift in Sources */ = {isa = PBXBuildFile; fileRef = AC4D9B121CA282B000E95642 /* ResumenViewController.swift */; };
		AC4D9B161CA2842600E95642 /* Ingredientes.swift in Sources */ = {isa = PBXBuildFile; fileRef = AC4D9B151CA2842600E95642 /* Ingredientes.swift */; };
		ACC8EB231CABAB520073227D /* QuesoController.swift in Sources */ = {isa = PBXBuildFile; fileRef = ACC8EB221CABAB520073227D /* QuesoController.swift */; };
		ACC8EB251CABAF390073227D /* MásController.swift in Sources */ = {isa = PBXBuildFile; fileRef = ACC8EB241CABAF390073227D /* MásController.swift */; };
		ACF25DD51CA1301C00B69A9A /* AppDelegate.swift in Sources */ = {isa = PBXBuildFile; fileRef = ACF25DD41CA1301C00B69A9A /* AppDelegate.swift */; };
		ACF25DDA1CA1301C00B69A9A /* Main.storyboard in Resources */ = {isa = PBXBuildFile; fileRef = ACF25DD81CA1301C00B69A9A /* Main.storyboard */; };
		ACF25DDC1CA1301C00B69A9A /* Assets.xcassets in Resources */ = {isa = PBXBuildFile; fileRef = ACF25DDB1CA1301C00B69A9A /* Assets.xcassets */; };
		ACF25DDF1CA1301C00B69A9A /* LaunchScreen.storyboard in Resources */ = {isa = PBXBuildFile; fileRef = ACF25DDD1CA1301C00B69A9A /* LaunchScreen.storyboard */; };
/* End PBXBuildFile section */

/* Begin PBXContainerItemProxy section */
		AC4D2C3A1CAA995200B249CD /* PBXContainerItemProxy */ = {
			isa = PBXContainerItemProxy;
			containerPortal = ACF25DC91CA1301C00B69A9A /* Project object */;
			proxyType = 1;
			remoteGlobalIDString = AC4D2C371CAA995200B249CD;
			remoteInfo = "WatchPizza Extension";
		};
		AC4D2C441CAA995200B249CD /* PBXContainerItemProxy */ = {
			isa = PBXContainerItemProxy;
			containerPortal = ACF25DC91CA1301C00B69A9A /* Project object */;
			proxyType = 1;
			remoteGlobalIDString = AC4D2C2B1CAA995200B249CD;
			remoteInfo = WatchPizza;
		};
/* End PBXContainerItemProxy section */

/* Begin PBXCopyFilesBuildPhase section */
		AC4D2C4C1CAA995200B249CD /* Embed App Extensions */ = {
			isa = PBXCopyFilesBuildPhase;
			buildActionMask = 2147483647;
			dstPath = "";
			dstSubfolderSpec = 13;
			files = (
				AC4D2C391CAA995200B249CD /* WatchPizza Extension.appex in Embed App Extensions */,
			);
			name = "Embed App Extensions";
			runOnlyForDeploymentPostprocessing = 0;
		};
		AC4D2C4E1CAA995200B249CD /* Embed Watch Content */ = {
			isa = PBXCopyFilesBuildPhase;
			buildActionMask = 2147483647;
			dstPath = "$(CONTENTS_FOLDER_PATH)/Watch";
			dstSubfolderSpec = 16;
			files = (
				AC4D2C461CAA995200B249CD /* WatchPizza.app in Embed Watch Content */,
			);
			name = "Embed Watch Content";
			runOnlyForDeploymentPostprocessing = 0;
		};
/* End PBXCopyFilesBuildPhase section */

/* Begin PBXFileReference section */
		AC4D2C2C1CAA995200B249CD /* WatchPizza.app */ = {isa = PBXFileReference; explicitFileType = wrapper.application; includeInIndex = 0; path = WatchPizza.app; sourceTree = BUILT_PRODUCTS_DIR; };
		AC4D2C2F1CAA995200B249CD /* Base */ = {isa = PBXFileReference; lastKnownFileType = file.storyboard; name = Base; path = Base.lproj/Interface.storyboard; sourceTree = "<group>"; };
		AC4D2C311CAA995200B249CD /* Assets.xcassets */ = {isa = PBXFileReference; lastKnownFileType = folder.assetcatalog; path = Assets.xcassets; sourceTree = "<group>"; };
		AC4D2C331CAA995200B249CD /* Info.plist */ = {isa = PBXFileReference; lastKnownFileType = text.plist.xml; path = Info.plist; sourceTree = "<group>"; };
		AC4D2C381CAA995200B249CD /* WatchPizza Extension.appex */ = {isa = PBXFileReference; explicitFileType = "wrapper.app-extension"; includeInIndex = 0; path = "WatchPizza Extension.appex"; sourceTree = BUILT_PRODUCTS_DIR; };
		AC4D2C3D1CAA995200B249CD /* TamañoController.swift */ = {isa = PBXFileReference; lastKnownFileType = sourcecode.swift; path = "TamañoController.swift"; sourceTree = "<group>"; };
		AC4D2C3F1CAA995200B249CD /* ExtensionDelegate.swift */ = {isa = PBXFileReference; lastKnownFileType = sourcecode.swift; path = ExtensionDelegate.swift; sourceTree = "<group>"; };
		AC4D2C411CAA995200B249CD /* Assets.xcassets */ = {isa = PBXFileReference; lastKnownFileType = folder.assetcatalog; path = Assets.xcassets; sourceTree = "<group>"; };
		AC4D2C431CAA995200B249CD /* Info.plist */ = {isa = PBXFileReference; lastKnownFileType = text.plist.xml; path = Info.plist; sourceTree = "<group>"; };
		AC4D2C511CAAA47900B249CD /* MasaController.swift */ = {isa = PBXFileReference; fileEncoding = 4; lastKnownFileType = sourcecode.swift; path = MasaController.swift; sourceTree = "<group>"; };
		AC4D9B081CA2823D00E95642 /* TamañoViewController.swift */ = {isa = PBXFileReference; fileEncoding = 4; lastKnownFileType = sourcecode.swift; path = "TamañoViewController.swift"; sourceTree = "<group>"; };
		AC4D9B0B1CA2825700E95642 /* MasaViewController.swift */ = {isa = PBXFileReference; fileEncoding = 4; lastKnownFileType = sourcecode.swift; path = MasaViewController.swift; sourceTree = "<group>"; };
		AC4D9B0E1CA2829B00E95642 /* QuesoViewController.swift */ = {isa = PBXFileReference; fileEncoding = 4; lastKnownFileType = sourcecode.swift; path = QuesoViewController.swift; sourceTree = "<group>"; };
		AC4D9B101CA282A500E95642 /* MásViewController.swift */ = {isa = PBXFileReference; fileEncoding = 4; lastKnownFileType = sourcecode.swift; path = "MásViewController.swift"; sourceTree = "<group>"; };
		AC4D9B121CA282B000E95642 /* ResumenViewController.swift */ = {isa = PBXFileReference; fileEncoding = 4; lastKnownFileType = sourcecode.swift; path = ResumenViewController.swift; sourceTree = "<group>"; };
		AC4D9B151CA2842600E95642 /* Ingredientes.swift */ = {isa = PBXFileReference; fileEncoding = 4; lastKnownFileType = sourcecode.swift; path = Ingredientes.swift; sourceTree = "<group>"; };
		ACC8EB221CABAB520073227D /* QuesoController.swift */ = {isa = PBXFileReference; fileEncoding = 4; lastKnownFileType = sourcecode.swift; path = QuesoController.swift; sourceTree = "<group>"; };
		ACC8EB241CABAF390073227D /* MásController.swift */ = {isa = PBXFileReference; fileEncoding = 4; lastKnownFileType = sourcecode.swift; path = "MásController.swift"; sourceTree = "<group>"; };
		ACF25DD11CA1301C00B69A9A /* OrderPizza.app */ = {isa = PBXFileReference; explicitFileType = wrapper.application; includeInIndex = 0; path = OrderPizza.app; sourceTree = BUILT_PRODUCTS_DIR; };
		ACF25DD41CA1301C00B69A9A /* AppDelegate.swift */ = {isa = PBXFileReference; lastKnownFileType = sourcecode.swift; path = AppDelegate.swift; sourceTree = "<group>"; };
		ACF25DD91CA1301C00B69A9A /* Base */ = {isa = PBXFileReference; lastKnownFileType = file.storyboard; name = Base; path = Base.lproj/Main.storyboard; sourceTree = "<group>"; };
		ACF25DDB1CA1301C00B69A9A /* Assets.xcassets */ = {isa = PBXFileReference; lastKnownFileType = folder.assetcatalog; path = Assets.xcassets; sourceTree = "<group>"; };
		ACF25DDE1CA1301C00B69A9A /* Base */ = {isa = PBXFileReference; lastKnownFileType = file.storyboard; name = Base; path = Base.lproj/LaunchScreen.storyboard; sourceTree = "<group>"; };
		ACF25DE01CA1301C00B69A9A /* Info.plist */ = {isa = PBXFileReference; lastKnownFileType = text.plist.xml; path = Info.plist; sourceTree = "<group>"; };
/* End PBXFileReference section */

/* Begin PBXFrameworksBuildPhase section */
		AC4D2C351CAA995200B249CD /* Frameworks */ = {
			isa = PBXFrameworksBuildPhase;
			buildActionMask = 2147483647;
			files = (
			);
			runOnlyForDeploymentPostprocessing = 0;
		};
		ACF25DCE1CA1301C00B69A9A /* Frameworks */ = {
			isa = PBXFrameworksBuildPhase;
			buildActionMask = 2147483647;
			files = (
			);
			runOnlyForDeploymentPostprocessing = 0;
		};
/* End PBXFrameworksBuildPhase section */

/* Begin PBXGroup section */
		AC4D2C2D1CAA995200B249CD /* WatchPizza */ = {
			isa = PBXGroup;
			children = (
				AC4D2C2E1CAA995200B249CD /* Interface.storyboard */,
				AC4D2C311CAA995200B249CD /* Assets.xcassets */,
				AC4D2C331CAA995200B249CD /* Info.plist */,
			);
			path = WatchPizza;
			sourceTree = "<group>";
		};
		AC4D2C3C1CAA995200B249CD /* WatchPizza Extension */ = {
			isa = PBXGroup;
			children = (
				AC4D2C3D1CAA995200B249CD /* TamañoController.swift */,
				AC4D2C511CAAA47900B249CD /* MasaController.swift */,
				AC4D2C3F1CAA995200B249CD /* ExtensionDelegate.swift */,
				AC4D2C411CAA995200B249CD /* Assets.xcassets */,
				AC4D2C431CAA995200B249CD /* Info.plist */,
				ACC8EB221CABAB520073227D /* QuesoController.swift */,
				ACC8EB241CABAF390073227D /* MásController.swift */,
			);
			path = "WatchPizza Extension";
			sourceTree = "<group>";
		};
		AC4D9B0A1CA2824200E95642 /* Controllers */ = {
			isa = PBXGroup;
			children = (
				AC4D9B0B1CA2825700E95642 /* MasaViewController.swift */,
				AC4D9B081CA2823D00E95642 /* TamañoViewController.swift */,
				AC4D9B0E1CA2829B00E95642 /* QuesoViewController.swift */,
				AC4D9B101CA282A500E95642 /* MásViewController.swift */,
				AC4D9B121CA282B000E95642 /* ResumenViewController.swift */,
			);
			name = Controllers;
			sourceTree = "<group>";
		};
		AC4D9B0D1CA2825B00E95642 /* Views */ = {
			isa = PBXGroup;
			children = (
				ACF25DDD1CA1301C00B69A9A /* LaunchScreen.storyboard */,
				ACF25DD81CA1301C00B69A9A /* Main.storyboard */,
			);
			name = Views;
			sourceTree = "<group>";
		};
		AC4D9B141CA2841500E95642 /* Models */ = {
			isa = PBXGroup;
			children = (
				AC4D9B151CA2842600E95642 /* Ingredientes.swift */,
			);
			name = Models;
			sourceTree = "<group>";
		};
		ACF25DC81CA1301C00B69A9A = {
			isa = PBXGroup;
			children = (
				ACF25DD31CA1301C00B69A9A /* OrderPizza */,
				AC4D2C2D1CAA995200B249CD /* WatchPizza */,
				AC4D2C3C1CAA995200B249CD /* WatchPizza Extension */,
				ACF25DD21CA1301C00B69A9A /* Products */,
			);
			sourceTree = "<group>";
		};
		ACF25DD21CA1301C00B69A9A /* Products */ = {
			isa = PBXGroup;
			children = (
				ACF25DD11CA1301C00B69A9A /* OrderPizza.app */,
				AC4D2C2C1CAA995200B249CD /* WatchPizza.app */,
				AC4D2C381CAA995200B249CD /* WatchPizza Extension.appex */,
			);
			name = Products;
			sourceTree = "<group>";
		};
		ACF25DD31CA1301C00B69A9A /* OrderPizza */ = {
			isa = PBXGroup;
			children = (
				AC4D9B141CA2841500E95642 /* Models */,
				AC4D9B0D1CA2825B00E95642 /* Views */,
				AC4D9B0A1CA2824200E95642 /* Controllers */,
				ACF25DD41CA1301C00B69A9A /* AppDelegate.swift */,
				ACF25DDB1CA1301C00B69A9A /* Assets.xcassets */,
				ACF25DE01CA1301C00B69A9A /* Info.plist */,
			);
			path = OrderPizza;
			sourceTree = "<group>";
		};
/* End PBXGroup section */

/* Begin PBXNativeTarget section */
		AC4D2C2B1CAA995200B249CD /* WatchPizza */ = {
			isa = PBXNativeTarget;
			buildConfigurationList = AC4D2C4D1CAA995200B249CD /* Build configuration list for PBXNativeTarget "WatchPizza" */;
			buildPhases = (
				AC4D2C2A1CAA995200B249CD /* Resources */,
				AC4D2C4C1CAA995200B249CD /* Embed App Extensions */,
			);
			buildRules = (
			);
			dependencies = (
				AC4D2C3B1CAA995200B249CD /* PBXTargetDependency */,
			);
			name = WatchPizza;
			productName = WatchPizza;
			productReference = AC4D2C2C1CAA995200B249CD /* WatchPizza.app */;
			productType = "com.apple.product-type.application.watchapp2";
		};
		AC4D2C371CAA995200B249CD /* WatchPizza Extension */ = {
			isa = PBXNativeTarget;
			buildConfigurationList = AC4D2C4B1CAA995200B249CD /* Build configuration list for PBXNativeTarget "WatchPizza Extension" */;
			buildPhases = (
				AC4D2C341CAA995200B249CD /* Sources */,
				AC4D2C351CAA995200B249CD /* Frameworks */,
				AC4D2C361CAA995200B249CD /* Resources */,
			);
			buildRules = (
			);
			dependencies = (
			);
			name = "WatchPizza Extension";
			productName = "WatchPizza Extension";
			productReference = AC4D2C381CAA995200B249CD /* WatchPizza Extension.appex */;
			productType = "com.apple.product-type.watchkit2-extension";
		};
		ACF25DD01CA1301C00B69A9A /* OrderPizza */ = {
			isa = PBXNativeTarget;
			buildConfigurationList = ACF25DE31CA1301C00B69A9A /* Build configuration list for PBXNativeTarget "OrderPizza" */;
			buildPhases = (
				ACF25DCD1CA1301C00B69A9A /* Sources */,
				ACF25DCE1CA1301C00B69A9A /* Frameworks */,
				ACF25DCF1CA1301C00B69A9A /* Resources */,
				AC4D2C4E1CAA995200B249CD /* Embed Watch Content */,
			);
			buildRules = (
			);
			dependencies = (
				AC4D2C451CAA995200B249CD /* PBXTargetDependency */,
			);
			name = OrderPizza;
			productName = OrderPizza;
			productReference = ACF25DD11CA1301C00B69A9A /* OrderPizza.app */;
			productType = "com.apple.product-type.application";
		};
/* End PBXNativeTarget section */

/* Begin PBXProject section */
		ACF25DC91CA1301C00B69A9A /* Project object */ = {
			isa = PBXProject;
			attributes = {
				LastSwiftUpdateCheck = 0730;
				LastUpgradeCheck = 0720;
				ORGANIZATIONNAME = "Arturo Rivas";
				TargetAttributes = {
					AC4D2C2B1CAA995200B249CD = {
						CreatedOnToolsVersion = 7.3;
					};
					AC4D2C371CAA995200B249CD = {
						CreatedOnToolsVersion = 7.3;
					};
					ACF25DD01CA1301C00B69A9A = {
						CreatedOnToolsVersion = 7.2.1;
					};
				};
			};
			buildConfigurationList = ACF25DCC1CA1301C00B69A9A /* Build configuration list for PBXProject "OrderPizza" */;
			compatibilityVersion = "Xcode 3.2";
			developmentRegion = English;
			hasScannedForEncodings = 0;
			knownRegions = (
				en,
				Base,
			);
			mainGroup = ACF25DC81CA1301C00B69A9A;
			productRefGroup = ACF25DD21CA1301C00B69A9A /* Products */;
			projectDirPath = "";
			projectRoot = "";
			targets = (
				ACF25DD01CA1301C00B69A9A /* OrderPizza */,
				AC4D2C2B1CAA995200B249CD /* WatchPizza */,
				AC4D2C371CAA995200B249CD /* WatchPizza Extension */,
			);
		};
/* End PBXProject section */

/* Begin PBXResourcesBuildPhase section */
		AC4D2C2A1CAA995200B249CD /* Resources */ = {
			isa = PBXResourcesBuildPhase;
			buildActionMask = 2147483647;
			files = (
				AC4D2C321CAA995200B249CD /* Assets.xcassets in Resources */,
				AC4D2C301CAA995200B249CD /* Interface.storyboard in Resources */,
			);
			runOnlyForDeploymentPostprocessing = 0;
		};
		AC4D2C361CAA995200B249CD /* Resources */ = {
			isa = PBXResourcesBuildPhase;
			buildActionMask = 2147483647;
			files = (
				AC4D2C421CAA995200B249CD /* Assets.xcassets in Resources */,
			);
			runOnlyForDeploymentPostprocessing = 0;
		};
		ACF25DCF1CA1301C00B69A9A /* Resources */ = {
			isa = PBXResourcesBuildPhase;
			buildActionMask = 2147483647;
			files = (
				ACF25DDF1CA1301C00B69A9A /* LaunchScreen.storyboard in Resources */,
				ACF25DDC1CA1301C00B69A9A /* Assets.xcassets in Resources */,
				ACF25DDA1CA1301C00B69A9A /* Main.storyboard in Resources */,
			);
			runOnlyForDeploymentPostprocessing = 0;
		};
/* End PBXResourcesBuildPhase section */

/* Begin PBXSourcesBuildPhase section */
		AC4D2C341CAA995200B249CD /* Sources */ = {
			isa = PBXSourcesBuildPhase;
			buildActionMask = 2147483647;
			files = (
				AC4D2C501CAA9ACD00B249CD /* Ingredientes.swift in Sources */,
				AC4D2C521CAAA47900B249CD /* MasaController.swift in Sources */,
				ACC8EB231CABAB520073227D /* QuesoController.swift in Sources */,
				ACC8EB251CABAF390073227D /* MásController.swift in Sources */,
				AC4D2C401CAA995200B249CD /* ExtensionDelegate.swift in Sources */,
				AC4D2C3E1CAA995200B249CD /* TamañoController.swift in Sources */,
			);
			runOnlyForDeploymentPostprocessing = 0;
		};
		ACF25DCD1CA1301C00B69A9A /* Sources */ = {
			isa = PBXSourcesBuildPhase;
			buildActionMask = 2147483647;
			files = (
				AC4D9B0F1CA2829B00E95642 /* QuesoViewController.swift in Sources */,
				AC4D9B0C1CA2825700E95642 /* MasaViewController.swift in Sources */,
				AC4D9B091CA2823D00E95642 /* TamañoViewController.swift in Sources */,
				ACF25DD51CA1301C00B69A9A /* AppDelegate.swift in Sources */,
				AC4D9B161CA2842600E95642 /* Ingredientes.swift in Sources */,
				AC4D9B131CA282B000E95642 /* ResumenViewController.swift in Sources */,
				AC4D9B111CA282A500E95642 /* MásViewController.swift in Sources */,
			);
			runOnlyForDeploymentPostprocessing = 0;
		};
/* End PBXSourcesBuildPhase section */

/* Begin PBXTargetDependency section */
		AC4D2C3B1CAA995200B249CD /* PBXTargetDependency */ = {
			isa = PBXTargetDependency;
			target = AC4D2C371CAA995200B249CD /* WatchPizza Extension */;
			targetProxy = AC4D2C3A1CAA995200B249CD /* PBXContainerItemProxy */;
		};
		AC4D2C451CAA995200B249CD /* PBXTargetDependency */ = {
			isa = PBXTargetDependency;
			target = AC4D2C2B1CAA995200B249CD /* WatchPizza */;
			targetProxy = AC4D2C441CAA995200B249CD /* PBXContainerItemProxy */;
		};
/* End PBXTargetDependency section */

/* Begin PBXVariantGroup section */
		AC4D2C2E1CAA995200B249CD /* Interface.storyboard */ = {
			isa = PBXVariantGroup;
			children = (
				AC4D2C2F1CAA995200B249CD /* Base */,
			);
			name = Interface.storyboard;
			sourceTree = "<group>";
		};
		ACF25DD81CA1301C00B69A9A /* Main.storyboard */ = {
			isa = PBXVariantGroup;
			children = (
				ACF25DD91CA1301C00B69A9A /* Base */,
			);
			name = Main.storyboard;
			sourceTree = "<group>";
		};
		ACF25DDD1CA1301C00B69A9A /* LaunchScreen.storyboard */ = {
			isa = PBXVariantGroup;
			children = (
				ACF25DDE1CA1301C00B69A9A /* Base */,
			);
			name = LaunchScreen.storyboard;
			sourceTree = "<group>";
		};
/* End PBXVariantGroup section */

/* Begin XCBuildConfiguration section */
		AC4D2C471CAA995200B249CD /* Debug */ = {
			isa = XCBuildConfiguration;
			buildSettings = {
				ASSETCATALOG_COMPILER_APPICON_NAME = AppIcon;
				CLANG_ANALYZER_NONNULL = YES;
				EMBEDDED_CONTENT_CONTAINS_SWIFT = YES;
				IBSC_MODULE = WatchPizza_Extension;
				INFOPLIST_FILE = WatchPizza/Info.plist;
				PRODUCT_BUNDLE_IDENTIFIER = com.arturorivas.OrderPizza.watchkitapp;
				PRODUCT_NAME = "$(TARGET_NAME)";
				SDKROOT = watchos;
				SKIP_INSTALL = YES;
				TARGETED_DEVICE_FAMILY = 4;
				WATCHOS_DEPLOYMENT_TARGET = 2.2;
			};
			name = Debug;
		};
		AC4D2C481CAA995200B249CD /* Release */ = {
			isa = XCBuildConfiguration;
			buildSettings = {
				ASSETCATALOG_COMPILER_APPICON_NAME = AppIcon;
				CLANG_ANALYZER_NONNULL = YES;
				EMBEDDED_CONTENT_CONTAINS_SWIFT = YES;
				IBSC_MODULE = WatchPizza_Extension;
				INFOPLIST_FILE = WatchPizza/Info.plist;
				PRODUCT_BUNDLE_IDENTIFIER = com.arturorivas.OrderPizza.watchkitapp;
				PRODUCT_NAME = "$(TARGET_NAME)";
				SDKROOT = watchos;
				SKIP_INSTALL = YES;
				TARGETED_DEVICE_FAMILY = 4;
				WATCHOS_DEPLOYMENT_TARGET = 2.2;
			};
			name = Release;
		};
		AC4D2C491CAA995200B249CD /* Debug */ = {
			isa = XCBuildConfiguration;
			buildSettings = {
				CLANG_ANALYZER_NONNULL = YES;
				INFOPLIST_FILE = "WatchPizza Extension/Info.plist";
				LD_RUNPATH_SEARCH_PATHS = "$(inherited) @executable_path/Frameworks @executable_path/../../Frameworks";
				PRODUCT_BUNDLE_IDENTIFIER = com.arturorivas.OrderPizza.watchkitapp.watchkitextension;
				PRODUCT_NAME = "${TARGET_NAME}";
				SDKROOT = watchos;
				SKIP_INSTALL = YES;
				TARGETED_DEVICE_FAMILY = 4;
				WATCHOS_DEPLOYMENT_TARGET = 2.2;
			};
			name = Debug;
		};
		AC4D2C4A1CAA995200B249CD /* Release */ = {
			isa = XCBuildConfiguration;
			buildSettings = {
				CLANG_ANALYZER_NONNULL = YES;
				INFOPLIST_FILE = "WatchPizza Extension/Info.plist";
				LD_RUNPATH_SEARCH_PATHS = "$(inherited) @executable_path/Frameworks @executable_path/../../Frameworks";
				PRODUCT_BUNDLE_IDENTIFIER = com.arturorivas.OrderPizza.watchkitapp.watchkitextension;
				PRODUCT_NAME = "${TARGET_NAME}";
				SDKROOT = watchos;
				SKIP_INSTALL = YES;
				TARGETED_DEVICE_FAMILY = 4;
				WATCHOS_DEPLOYMENT_TARGET = 2.2;
			};
			name = Release;
		};
		ACF25DE11CA1301C00B69A9A /* Debug */ = {
			isa = XCBuildConfiguration;
			buildSettings = {
				ALWAYS_SEARCH_USER_PATHS = NO;
				CLANG_CXX_LANGUAGE_STANDARD = "gnu++0x";
				CLANG_CXX_LIBRARY = "libc++";
				CLANG_ENABLE_MODULES = YES;
				CLANG_ENABLE_OBJC_ARC = YES;
				CLANG_WARN_BOOL_CONVERSION = YES;
				CLANG_WARN_CONSTANT_CONVERSION = YES;
				CLANG_WARN_DIRECT_OBJC_ISA_USAGE = YES_ERROR;
				CLANG_WARN_EMPTY_BODY = YES;
				CLANG_WARN_ENUM_CONVERSION = YES;
				CLANG_WARN_INT_CONVERSION = YES;
				CLANG_WARN_OBJC_ROOT_CLASS = YES_ERROR;
				CLANG_WARN_UNREACHABLE_CODE = YES;
				CLANG_WARN__DUPLICATE_METHOD_MATCH = YES;
				"CODE_SIGN_IDENTITY[sdk=iphoneos*]" = "iPhone Developer";
				COPY_PHASE_STRIP = NO;
				DEBUG_INFORMATION_FORMAT = dwarf;
				ENABLE_STRICT_OBJC_MSGSEND = YES;
				ENABLE_TESTABILITY = YES;
				GCC_C_LANGUAGE_STANDARD = gnu99;
				GCC_DYNAMIC_NO_PIC = NO;
				GCC_NO_COMMON_BLOCKS = YES;
				GCC_OPTIMIZATION_LEVEL = 0;
				GCC_PREPROCESSOR_DEFINITIONS = (
					"DEBUG=1",
					"$(inherited)",
				);
				GCC_WARN_64_TO_32_BIT_CONVERSION = YES;
				GCC_WARN_ABOUT_RETURN_TYPE = YES_ERROR;
				GCC_WARN_UNDECLARED_SELECTOR = YES;
				GCC_WARN_UNINITIALIZED_AUTOS = YES_AGGRESSIVE;
				GCC_WARN_UNUSED_FUNCTION = YES;
				GCC_WARN_UNUSED_VARIABLE = YES;
				IPHONEOS_DEPLOYMENT_TARGET = 9.2;
				MTL_ENABLE_DEBUG_INFO = YES;
				ONLY_ACTIVE_ARCH = YES;
				SDKROOT = iphoneos;
				SWIFT_OPTIMIZATION_LEVEL = "-Onone";
				TARGETED_DEVICE_FAMILY = "1,2";
			};
			name = Debug;
		};
		ACF25DE21CA1301C00B69A9A /* Release */ = {
			isa = XCBuildConfiguration;
			buildSettings = {
				ALWAYS_SEARCH_USER_PATHS = NO;
				CLANG_CXX_LANGUAGE_STANDARD = "gnu++0x";
				CLANG_CXX_LIBRARY = "libc++";
				CLANG_ENABLE_MODULES = YES;
				CLANG_ENABLE_OBJC_ARC = YES;
				CLANG_WARN_BOOL_CONVERSION = YES;
				CLANG_WARN_CONSTANT_CONVERSION = YES;
				CLANG_WARN_DIRECT_OBJC_ISA_USAGE = YES_ERROR;
				CLANG_WARN_EMPTY_BODY = YES;
				CLANG_WARN_ENUM_CONVERSION = YES;
				CLANG_WARN_INT_CONVERSION = YES;
				CLANG_WARN_OBJC_ROOT_CLASS = YES_ERROR;
				CLANG_WARN_UNREACHABLE_CODE = YES;
				CLANG_WARN__DUPLICATE_METHOD_MATCH = YES;
				"CODE_SIGN_IDENTITY[sdk=iphoneos*]" = "iPhone Developer";
				COPY_PHASE_STRIP = NO;
				DEBUG_INFORMATION_FORMAT = "dwarf-with-dsym";
				ENABLE_NS_ASSERTIONS = NO;
				ENABLE_STRICT_OBJC_MSGSEND = YES;
				GCC_C_LANGUAGE_STANDARD = gnu99;
				GCC_NO_COMMON_BLOCKS = YES;
				GCC_WARN_64_TO_32_BIT_CONVERSION = YES;
				GCC_WARN_ABOUT_RETURN_TYPE = YES_ERROR;
				GCC_WARN_UNDECLARED_SELECTOR = YES;
				GCC_WARN_UNINITIALIZED_AUTOS = YES_AGGRESSIVE;
				GCC_WARN_UNUSED_FUNCTION = YES;
				GCC_WARN_UNUSED_VARIABLE = YES;
				IPHONEOS_DEPLOYMENT_TARGET = 9.2;
				MTL_ENABLE_DEBUG_INFO = NO;
				SDKROOT = iphoneos;
				TARGETED_DEVICE_FAMILY = "1,2";
				VALIDATE_PRODUCT = YES;
			};
			name = Release;
		};
		ACF25DE41CA1301C00B69A9A /* Debug */ = {
			isa = XCBuildConfiguration;
			buildSettings = {
				ASSETCATALOG_COMPILER_APPICON_NAME = AppIcon;
				INFOPLIST_FILE = OrderPizza/Info.plist;
				LD_RUNPATH_SEARCH_PATHS = "$(inherited) @executable_path/Frameworks";
				PRODUCT_BUNDLE_IDENTIFIER = com.arturorivas.OrderPizza;
				PRODUCT_NAME = "$(TARGET_NAME)";
			};
			name = Debug;
		};
		ACF25DE51CA1301C00B69A9A /* Release */ = {
			isa = XCBuildConfiguration;
			buildSettings = {
				ASSETCATALOG_COMPILER_APPICON_NAME = AppIcon;
				INFOPLIST_FILE = OrderPizza/Info.plist;
				LD_RUNPATH_SEARCH_PATHS = "$(inherited) @executable_path/Frameworks";
				PRODUCT_BUNDLE_IDENTIFIER = com.arturorivas.OrderPizza;
				PRODUCT_NAME = "$(TARGET_NAME)";
			};
			name = Release;
		};
/* End XCBuildConfiguration section */

/* Begin XCConfigurationList section */
		AC4D2C4B1CAA995200B249CD /* Build configuration list for PBXNativeTarget "WatchPizza Extension" */ = {
			isa = XCConfigurationList;
			buildConfigurations = (
				AC4D2C491CAA995200B249CD /* Debug */,
				AC4D2C4A1CAA995200B249CD /* Release */,
			);
			defaultConfigurationIsVisible = 0;
			defaultConfigurationName = Release;
		};
		AC4D2C4D1CAA995200B249CD /* Build configuration list for PBXNativeTarget "WatchPizza" */ = {
			isa = XCConfigurationList;
			buildConfigurations = (
				AC4D2C471CAA995200B249CD /* Debug */,
				AC4D2C481CAA995200B249CD /* Release */,
			);
			defaultConfigurationIsVisible = 0;
			defaultConfigurationName = Release;
		};
		ACF25DCC1CA1301C00B69A9A /* Build configuration list for PBXProject "OrderPizza" */ = {
			isa = XCConfigurationList;
			buildConfigurations = (
				ACF25DE11CA1301C00B69A9A /* Debug */,
				ACF25DE21CA1301C00B69A9A /* Release */,
			);
			defaultConfigurationIsVisible = 0;
			defaultConfigurationName = Release;
		};
		ACF25DE31CA1301C00B69A9A /* Build configuration list for PBXNativeTarget "OrderPizza" */ = {
			isa = XCConfigurationList;
			buildConfigurations = (
				ACF25DE41CA1301C00B69A9A /* Debug */,
				ACF25DE51CA1301C00B69A9A /* Release */,
			);
			defaultConfigurationIsVisible = 0;
			defaultConfigurationName = Release;
		};
/* End XCConfigurationList section */
	};
	rootObject = ACF25DC91CA1301C00B69A9A /* Project object */;
}
